
Microsoft Visual Studio Solution File, Format Version 12.00
# Visual Studio 15
VisualStudioVersion = 15.0.28307.902
MinimumVisualStudioVersion = 10.0.40219.1
Project("{FAE04EC0-301F-11D3-BF4B-00C04F79EFBC}") = "Taihang.TodoWebApi.Basic", "Taihang.TodoWebApi.Basic\Taihang.TodoWebApi.Basic.csproj", "{87D00AC9-68CF-404A-9F15-C4A56601B426}"
EndProject
Project("{FAE04EC0-301F-11D3-BF4B-00C04F79EFBC}") = "Taihang.TodoWebApi.Secure", "Taihang.TodoWebApi.Secure\Taihang.TodoWebApi.Secure.csproj", "{0C3025B2-A17F-4C16-B212-F5C022831602}"
EndProject
Project("{2150E333-8FDC-42A3-9474-1A3956D46DE8}") = "Solution Items", "Solution Items", "{F4EAB8C8-C234-4B72-BF74-92E11D3970DC}"
	ProjectSection(SolutionItems) = preProject
		Readme.txt = Readme.txt
	EndProjectSection
EndProject
Global
	GlobalSection(SolutionConfigurationPlatforms) = preSolution
		Debug|Any CPU = Debug|Any CPU
		Release|Any CPU = Release|Any CPU
	EndGlobalSection
	GlobalSection(ProjectConfigurationPlatforms) = postSolution
		{87D00AC9-68CF-404A-9F15-C4A56601B426}.Debug|Any CPU.ActiveCfg = Debug|Any CPU
		{87D00AC9-68CF-404A-9F15-C4A56601B426}.Debug|Any CPU.Build.0 = Debug|Any CPU
		{87D00AC9-68CF-404A-9F15-C4A56601B426}.Release|Any CPU.ActiveCfg = Release|Any CPU
		{87D00AC9-68CF-404A-9F15-C4A56601B426}.Release|Any CPU.Build.0 = Release|Any CPU
		{0C3025B2-A17F-4C16-B212-F5C022831602}.Debug|Any CPU.ActiveCfg = Debug|Any CPU
		{0C3025B2-A17F-4C16-B212-F5C022831602}.Debug|Any CPU.Build.0 = Debug|Any CPU
		{0C3025B2-A17F-4C16-B212-F5C022831602}.Release|Any CPU.ActiveCfg = Release|Any CPU
		{0C3025B2-A17F-4C16-B212-F5C022831602}.Release|Any CPU.Build.0 = Release|Any CPU
	EndGlobalSection
	GlobalSection(SolutionProperties) = preSolution
		HideSolutionNode = FALSE
	EndGlobalSection
	GlobalSection(ExtensibilityGlobals) = postSolution
		SolutionGuid = {CF8A432A-A162-4443-AA3F-CCDC7C2B67C1}
	EndGlobalSection
EndGlobal
